
Microsoft Visual Studio Solution File, Format Version 12.00
# Visual Studio Version 17
VisualStudioVersion = 17.4.33110.190
MinimumVisualStudioVersion = 10.0.40219.1
Project("{9A19103F-16F7-4668-BE54-9A1E7A4F7556}") = "OpenAIAPI", "OpenAIAPI\OpenAIAPI.csproj", "{596BE954-46C9-4D32-9829-684C68D9B10C}"
EndProject
Project("{9A19103F-16F7-4668-BE54-9A1E7A4F7556}") = "VRWorld", "VRWorld\VRWorld.csproj", "{AE9669B1-E520-4A57-93C4-9A823528BE2F}"
EndProject
Project("{9A19103F-16F7-4668-BE54-9A1E7A4F7556}") = "SpeechToText", "..\SpeechToText\SpeechToText\SpeechToText.csproj", "{D5E4EA3C-273B-4B98-BB99-68FB0FC49F2B}"
EndProject
Global
	GlobalSection(SolutionConfigurationPlatforms) = preSolution
		Debug|Any CPU = Debug|Any CPU
		Release|Any CPU = Release|Any CPU
	EndGlobalSection
	GlobalSection(ProjectConfigurationPlatforms) = postSolution
		{596BE954-46C9-4D32-9829-684C68D9B10C}.Debug|Any CPU.ActiveCfg = Debug|Any CPU
		{596BE954-46C9-4D32-9829-684C68D9B10C}.Debug|Any CPU.Build.0 = Debug|Any CPU
		{596BE954-46C9-4D32-9829-684C68D9B10C}.Release|Any CPU.ActiveCfg = Release|Any CPU
		{596BE954-46C9-4D32-9829-684C68D9B10C}.Release|Any CPU.Build.0 = Release|Any CPU
		{AE9669B1-E520-4A57-93C4-9A823528BE2F}.Debug|Any CPU.ActiveCfg = Debug|Any CPU
		{AE9669B1-E520-4A57-93C4-9A823528BE2F}.Debug|Any CPU.Build.0 = Debug|Any CPU
		{AE9669B1-E520-4A57-93C4-9A823528BE2F}.Release|Any CPU.ActiveCfg = Release|Any CPU
		{AE9669B1-E520-4A57-93C4-9A823528BE2F}.Release|Any CPU.Build.0 = Release|Any CPU
		{D5E4EA3C-273B-4B98-BB99-68FB0FC49F2B}.Debug|Any CPU.ActiveCfg = Debug|Any CPU
		{D5E4EA3C-273B-4B98-BB99-68FB0FC49F2B}.Debug|Any CPU.Build.0 = Debug|Any CPU
		{D5E4EA3C-273B-4B98-BB99-68FB0FC49F2B}.Release|Any CPU.ActiveCfg = Release|Any CPU
		{D5E4EA3C-273B-4B98-BB99-68FB0FC49F2B}.Release|Any CPU.Build.0 = Release|Any CPU
	EndGlobalSection
	GlobalSection(SolutionProperties) = preSolution
		HideSolutionNode = FALSE
	EndGlobalSection
	GlobalSection(ExtensibilityGlobals) = postSolution
		SolutionGuid = {95030DC9-16DA-4FD9-8BE5-C18DD0C61196}
	EndGlobalSection
EndGlobal
