
Microsoft Visual Studio Solution File, Format Version 12.00
# Visual Studio Version 17
VisualStudioVersion = 17.5.33627.172
MinimumVisualStudioVersion = 10.0.40219.1
Project("{9A19103F-16F7-4668-BE54-9A1E7A4F7556}") = "VRWorld_Android", "VRWorld\Projects\Android\VRWorld_Android.csproj", "{F9A3286E-9EEE-446B-B620-D56079D180F6}"
EndProject
Project("{9A19103F-16F7-4668-BE54-9A1E7A4F7556}") = "VRWorld", "VRWorld\VRWorld.csproj", "{2E33609D-CABE-4582-ADFE-DEFCB50D2879}"
EndProject
Global
	GlobalSection(SolutionConfigurationPlatforms) = preSolution
		Debug|Any CPU = Debug|Any CPU
		Release|Any CPU = Release|Any CPU
	EndGlobalSection
	GlobalSection(ProjectConfigurationPlatforms) = postSolution
		{F9A3286E-9EEE-446B-B620-D56079D180F6}.Debug|Any CPU.ActiveCfg = Debug|Any CPU
		{F9A3286E-9EEE-446B-B620-D56079D180F6}.Debug|Any CPU.Build.0 = Debug|Any CPU
		{F9A3286E-9EEE-446B-B620-D56079D180F6}.Debug|Any CPU.Deploy.0 = Debug|Any CPU
		{F9A3286E-9EEE-446B-B620-D56079D180F6}.Release|Any CPU.ActiveCfg = Release|Any CPU
		{F9A3286E-9EEE-446B-B620-D56079D180F6}.Release|Any CPU.Build.0 = Release|Any CPU
		{F9A3286E-9EEE-446B-B620-D56079D180F6}.Release|Any CPU.Deploy.0 = Release|Any CPU
		{2E33609D-CABE-4582-ADFE-DEFCB50D2879}.Debug|Any CPU.ActiveCfg = Debug|Any CPU
		{2E33609D-CABE-4582-ADFE-DEFCB50D2879}.Debug|Any CPU.Build.0 = Debug|Any CPU
		{2E33609D-CABE-4582-ADFE-DEFCB50D2879}.Release|Any CPU.ActiveCfg = Release|Any CPU
		{2E33609D-CABE-4582-ADFE-DEFCB50D2879}.Release|Any CPU.Build.0 = Release|Any CPU
	EndGlobalSection
	GlobalSection(SolutionProperties) = preSolution
		HideSolutionNode = FALSE
	EndGlobalSection
	GlobalSection(ExtensibilityGlobals) = postSolution
		SolutionGuid = {87FA15A8-877A-4A26-93EE-EBE3B52D941B}
	EndGlobalSection
EndGlobal
